{
    "_readme": [
        "This file locks the dependencies of your project to a known state",
        "Read more about it at https://getcomposer.org/doc/01-basic-usage.md#installing-dependencies",
        "This file is @generated automatically"
    ],
    "content-hash": "dbd2662a30a84167c8d664f69648b1fc",
    "packages": [],
    "packages-dev": [
        {
            "name": "symfony/browser-kit",
            "version": "v4.4.20",
            "source": {
                "type": "git",
                "url": "https://github.com/symfony/browser-kit.git",
                "reference": "cfa8d92f95294747e3abc04969efee51ed374424"
            },
            "dist": {
                "type": "zip",
                "url": "https://api.github.com/repos/symfony/browser-kit/zipball/cfa8d92f95294747e3abc04969efee51ed374424",
                "reference": "cfa8d92f95294747e3abc04969efee51ed374424",
                "shasum": ""
            },
            "require": {
                "php": ">=7.1.3",
                "symfony/dom-crawler": "^3.4|^4.0|^5.0"
            },
            "require-dev": {
                "symfony/css-selector": "^3.4|^4.0|^5.0",
                "symfony/http-client": "^4.3|^5.0",
                "symfony/mime": "^4.3|^5.0",
                "symfony/process": "^3.4|^4.0|^5.0"
            },
            "suggest": {
                "symfony/process": ""
            },
            "type": "library",
            "autoload": {
                "psr-4": {
                    "Symfony\\Component\\BrowserKit\\": ""
                },
                "exclude-from-classmap": [
                    "/Tests/"
                ]
            },
            "notification-url": "https://packagist.org/downloads/",
            "license": [
                "MIT"
            ],
            "authors": [
                {
                    "name": "Fabien Potencier",
                    "email": "fabien@symfony.com"
                },
                {
                    "name": "Symfony Community",
                    "homepage": "https://symfony.com/contributors"
                }
            ],
            "description": "Simulates the behavior of a web browser, allowing you to make requests, click on links and submit forms programmatically",
            "homepage": "https://symfony.com",
            "time": "2021-02-18T10:52:56+00:00"
        },
        {
            "name": "symfony/css-selector",
            "version": "v4.4.20",
            "source": {
                "type": "git",
                "url": "https://github.com/symfony/css-selector.git",
                "reference": "f907d3e53ecb2a5fad8609eb2f30525287a734c8"
            },
            "dist": {
                "type": "zip",
                "url": "https://api.github.com/repos/symfony/css-selector/zipball/f907d3e53ecb2a5fad8609eb2f30525287a734c8",
                "reference": "f907d3e53ecb2a5fad8609eb2f30525287a734c8",
                "shasum": ""
            },
            "require": {
                "php": ">=7.1.3"
            },
            "type": "library",
            "autoload": {
                "psr-4": {
                    "Symfony\\Component\\CssSelector\\": ""
                },
                "exclude-from-classmap": [
                    "/Tests/"
                ]
            },
            "notification-url": "https://packagist.org/downloads/",
            "license": [
                "MIT"
            ],
            "authors": [
                {
                    "name": "Fabien Potencier",
                    "email": "fabien@symfony.com"
                },
                {
                    "name": "Jean-François Simon",
                    "email": "jeanfrancois.simon@sensiolabs.com"
                },
                {
                    "name": "Symfony Community",
                    "homepage": "https://symfony.com/contributors"
                }
            ],
            "description": "Converts CSS selectors to XPath expressions",
            "homepage": "https://symfony.com",
            "time": "2021-01-27T09:09:26+00:00"
        },
        {
            "name": "symfony/dom-crawler",
            "version": "v4.4.20",
            "source": {
                "type": "git",
                "url": "https://github.com/symfony/dom-crawler.git",
                "reference": "be133557f1b0e6672367325b508e65da5513a311"
            },
            "dist": {
                "type": "zip",
                "url": "https://api.github.com/repos/symfony/dom-crawler/zipball/be133557f1b0e6672367325b508e65da5513a311",
                "reference": "be133557f1b0e6672367325b508e65da5513a311",
                "shasum": ""
            },
            "require": {
                "php": ">=7.1.3",
                "symfony/polyfill-ctype": "~1.8",
                "symfony/polyfill-mbstring": "~1.0"
            },
            "conflict": {
                "masterminds/html5": "<2.6"
            },
            "require-dev": {
                "masterminds/html5": "^2.6",
                "symfony/css-selector": "^3.4|^4.0|^5.0"
            },
            "suggest": {
                "symfony/css-selector": ""
            },
            "type": "library",
            "autoload": {
                "psr-4": {
                    "Symfony\\Component\\DomCrawler\\": ""
                },
                "exclude-from-classmap": [
                    "/Tests/"
                ]
            },
            "notification-url": "https://packagist.org/downloads/",
            "license": [
                "MIT"
            ],
            "authors": [
                {
                    "name": "Fabien Potencier",
                    "email": "fabien@symfony.com"
                },
                {
                    "name": "Symfony Community",
                    "homepage": "https://symfony.com/contributors"
                }
            ],
            "description": "Eases DOM navigation for HTML and XML documents",
            "homepage": "https://symfony.com",
            "time": "2021-02-14T12:29:41+00:00"
        },
        {
            "name": "symfony/phpunit-bridge",
            "version": "v5.2.6",
            "source": {
                "type": "git",
                "url": "https://github.com/symfony/phpunit-bridge.git",
                "reference": "f2f94fd78379cdcdef09dd5025af791301913968"
            },
            "dist": {
                "type": "zip",
                "url": "https://api.github.com/repos/symfony/phpunit-bridge/zipball/f2f94fd78379cdcdef09dd5025af791301913968",
                "reference": "f2f94fd78379cdcdef09dd5025af791301913968",
                "shasum": ""
            },
            "require": {
                "php": ">=5.5.9"
            },
            "conflict": {
                "phpunit/phpunit": "<4.8.35|<5.4.3,>=5.0|<6.4,>=6.0|9.1.2"
            },
            "require-dev": {
                "symfony/deprecation-contracts": "^2.1",
                "symfony/error-handler": "^4.4|^5.0"
            },
            "suggest": {
                "symfony/error-handler": "For tracking deprecated interfaces usages at runtime with DebugClassLoader"
            },
            "bin": [
                "bin/simple-phpunit"
            ],
            "type": "symfony-bridge",
            "extra": {
                "thanks": {
                    "name": "phpunit/phpunit",
                    "url": "https://github.com/sebastianbergmann/phpunit"
                }
            },
            "autoload": {
                "files": [
                    "bootstrap.php"
                ],
                "psr-4": {
                    "Symfony\\Bridge\\PhpUnit\\": ""
                },
                "exclude-from-classmap": [
                    "/Tests/"
                ]
            },
            "notification-url": "https://packagist.org/downloads/",
            "license": [
                "MIT"
            ],
            "authors": [
                {
                    "name": "Nicolas Grekas",
                    "email": "p@tchwork.com"
                },
                {
                    "name": "Symfony Community",
                    "homepage": "https://symfony.com/contributors"
                }
            ],
            "description": "Provides utilities for PHPUnit, especially user deprecation notices management",
            "homepage": "https://symfony.com",
            "time": "2021-03-23T20:42:04+00:00"
        },
        {
            "name": "symfony/polyfill-ctype",
            "version": "v1.22.1",
            "source": {
                "type": "git",
                "url": "https://github.com/symfony/polyfill-ctype.git",
                "reference": "c6c942b1ac76c82448322025e084cadc56048b4e"
            },
            "dist": {
                "type": "zip",
                "url": "https://api.github.com/repos/symfony/polyfill-ctype/zipball/c6c942b1ac76c82448322025e084cadc56048b4e",
                "reference": "c6c942b1ac76c82448322025e084cadc56048b4e",
                "shasum": ""
            },
            "require": {
                "php": ">=7.1"
            },
            "suggest": {
                "ext-ctype": "For best performance"
            },
            "type": "library",
            "extra": {
                "branch-alias": {
                    "dev-main": "1.22-dev"
                },
                "thanks": {
                    "name": "symfony/polyfill",
                    "url": "https://github.com/symfony/polyfill"
                }
            },
            "autoload": {
                "psr-4": {
                    "Symfony\\Polyfill\\Ctype\\": ""
                },
                "files": [
                    "bootstrap.php"
                ]
            },
            "notification-url": "https://packagist.org/downloads/",
            "license": [
                "MIT"
            ],
            "authors": [
                {
                    "name": "Gert de Pagter",
                    "email": "BackEndTea@gmail.com"
                },
                {
                    "name": "Symfony Community",
                    "homepage": "https://symfony.com/contributors"
                }
            ],
            "description": "Symfony polyfill for ctype functions",
            "homepage": "https://symfony.com",
            "keywords": [
                "compatibility",
                "ctype",
                "polyfill",
                "portable"
            ],
            "time": "2021-01-07T16:49:33+00:00"
        },
        {
            "name": "symfony/polyfill-mbstring",
            "version": "v1.22.1",
            "source": {
                "type": "git",
                "url": "https://github.com/symfony/polyfill-mbstring.git",
                "reference": "5232de97ee3b75b0360528dae24e73db49566ab1"
            },
            "dist": {
                "type": "zip",
                "url": "https://api.github.com/repos/symfony/polyfill-mbstring/zipball/5232de97ee3b75b0360528dae24e73db49566ab1",
                "reference": "5232de97ee3b75b0360528dae24e73db49566ab1",
                "shasum": ""
            },
            "require": {
                "php": ">=7.1"
            },
            "suggest": {
                "ext-mbstring": "For best performance"
            },
            "type": "library",
            "extra": {
                "branch-alias": {
                    "dev-main": "1.22-dev"
                },
                "thanks": {
                    "name": "symfony/polyfill",
                    "url": "https://github.com/symfony/polyfill"
                }
            },
            "autoload": {
                "psr-4": {
                    "Symfony\\Polyfill\\Mbstring\\": ""
                },
                "files": [
                    "bootstrap.php"
                ]
            },
            "notification-url": "https://packagist.org/downloads/",
            "license": [
                "MIT"
            ],
            "authors": [
                {
                    "name": "Nicolas Grekas",
                    "email": "p@tchwork.com"
                },
                {
                    "name": "Symfony Community",
                    "homepage": "https://symfony.com/contributors"
                }
            ],
            "description": "Symfony polyfill for the Mbstring extension",
            "homepage": "https://symfony.com",
            "keywords": [
                "compatibility",
                "mbstring",
                "polyfill",
                "portable",
                "shim"
            ],
            "time": "2021-01-22T09:19:47+00:00"
        },
        {
            "name": "symfony/test-pack",
            "version": "v1.0.7",
            "source": {
                "type": "git",
                "url": "https://github.com/symfony/test-pack.git",
                "reference": "e61756c97cbedae00b7cf43b87abcfadfeb2746c"
            },
            "dist": {
                "type": "zip",
                "url": "https://api.github.com/repos/symfony/test-pack/zipball/e61756c97cbedae00b7cf43b87abcfadfeb2746c",
                "reference": "e61756c97cbedae00b7cf43b87abcfadfeb2746c",
                "shasum": ""
            },
            "require": {
                "symfony/browser-kit": "*",
                "symfony/css-selector": "*",
                "symfony/phpunit-bridge": "*"
            },
            "type": "symfony-pack",
            "notification-url": "https://packagist.org/downloads/",
            "license": [
                "MIT"
            ],
            "description": "A pack for functional and end-to-end testing within a Symfony app",
            "time": "2020-10-19T08:52:28+00:00"
        }
    ],
    "aliases": [],
    "minimum-stability": "stable",
    "stability-flags": [],
    "prefer-stable": false,
    "prefer-lowest": false,
    "platform": [],
    "platform-dev": []
}
